
Microsoft Visual Studio Solution File, Format Version 12.00
# Visual Studio Version 17
VisualStudioVersion = 17.4.33213.308
MinimumVisualStudioVersion = 10.0.40219.1
Project("{FAE04EC0-301F-11D3-BF4B-00C04F79EFBC}") = "ApiPersonas2023", "ApiPersonas2023\ApiPersonas2023.csproj", "{ED7F81C7-BAE8-4789-A7B3-F58543048EDB}"
EndProject
Global
	GlobalSection(SolutionConfigurationPlatforms) = preSolution
		Debug|Any CPU = Debug|Any CPU
		Release|Any CPU = Release|Any CPU
	EndGlobalSection
	GlobalSection(ProjectConfigurationPlatforms) = postSolution
		{ED7F81C7-BAE8-4789-A7B3-F58543048EDB}.Debug|Any CPU.ActiveCfg = Debug|Any CPU
		{ED7F81C7-BAE8-4789-A7B3-F58543048EDB}.Debug|Any CPU.Build.0 = Debug|Any CPU
		{ED7F81C7-BAE8-4789-A7B3-F58543048EDB}.Release|Any CPU.ActiveCfg = Release|Any CPU
		{ED7F81C7-BAE8-4789-A7B3-F58543048EDB}.Release|Any CPU.Build.0 = Release|Any CPU
	EndGlobalSection
	GlobalSection(SolutionProperties) = preSolution
		HideSolutionNode = FALSE
	EndGlobalSection
	GlobalSection(ExtensibilityGlobals) = postSolution
		SolutionGuid = {488C527F-2326-4027-982B-D1F8CE870BEF}
	EndGlobalSection
EndGlobal
